
Microsoft Visual Studio Solution File, Format Version 12.00
# Visual Studio Version 17
VisualStudioVersion = 17.2.32616.157
MinimumVisualStudioVersion = 10.0.40219.1
Project("{8BC9CEB8-8B4A-11D0-8D11-00A0C91BC942}") = "KACE", "KACE\KACE.vcxproj", "{C6D3514C-7929-4BB5-9D1A-BE6D7A016AF8}"
	ProjectSection(ProjectDependencies) = postProject
		{965D1C24-6107-4F5C-B98D-4E86C80732A6} = {965D1C24-6107-4F5C-B98D-4E86C80732A6}
		{9A82297E-FEEE-4B6E-A35F-86AF595D836E} = {9A82297E-FEEE-4B6E-A35F-86AF595D836E}
		{BBE3BE4A-3BB4-48AA-B6F5-A28076E2AF24} = {BBE3BE4A-3BB4-48AA-B6F5-A28076E2AF24}
		{F332A348-4A69-4557-966A-49F572EA2B59} = {F332A348-4A69-4557-966A-49F572EA2B59}
	EndProjectSection
EndProject
Project("{8BC9CEB8-8B4A-11D0-8D11-00A0C91BC942}") = "PEFile", "libs\PEMapper\PEMapper.vcxproj", "{BBE3BE4A-3BB4-48AA-B6F5-A28076E2AF24}"
	ProjectSection(ProjectDependencies) = postProject
		{9A82297E-FEEE-4B6E-A35F-86AF595D836E} = {9A82297E-FEEE-4B6E-A35F-86AF595D836E}
		{F332A348-4A69-4557-966A-49F572EA2B59} = {F332A348-4A69-4557-966A-49F572EA2B59}
	EndProjectSection
EndProject
Project("{8BC9CEB8-8B4A-11D0-8D11-00A0C91BC942}") = "MemoryTracker", "libs\MemoryTracker\MemoryTracker.vcxproj", "{965D1C24-6107-4F5C-B98D-4E86C80732A6}"
	ProjectSection(ProjectDependencies) = postProject
		{9A82297E-FEEE-4B6E-A35F-86AF595D836E} = {9A82297E-FEEE-4B6E-A35F-86AF595D836E}
	EndProjectSection
EndProject
Project("{8BC9CEB8-8B4A-11D0-8D11-00A0C91BC942}") = "Logger", "libs\Logger\Logger.vcxproj", "{9A82297E-FEEE-4B6E-A35F-86AF595D836E}"
EndProject
Project("{8BC9CEB8-8B4A-11D0-8D11-00A0C91BC942}") = "SymParser", "libs\SymParser\SymParser.vcxproj", "{F332A348-4A69-4557-966A-49F572EA2B59}"
	ProjectSection(ProjectDependencies) = postProject
		{9A82297E-FEEE-4B6E-A35F-86AF595D836E} = {9A82297E-FEEE-4B6E-A35F-86AF595D836E}
	EndProjectSection
EndProject
Global
	GlobalSection(SolutionConfigurationPlatforms) = preSolution
		Debug|x64 = Debug|x64
		Debug|x86 = Debug|x86
		Release|x64 = Release|x64
		Release|x86 = Release|x86
	EndGlobalSection
	GlobalSection(ProjectConfigurationPlatforms) = postSolution
		{C6D3514C-7929-4BB5-9D1A-BE6D7A016AF8}.Debug|x64.ActiveCfg = Debug|x64
		{C6D3514C-7929-4BB5-9D1A-BE6D7A016AF8}.Debug|x64.Build.0 = Debug|x64
		{C6D3514C-7929-4BB5-9D1A-BE6D7A016AF8}.Debug|x86.ActiveCfg = Debug|Win32
		{C6D3514C-7929-4BB5-9D1A-BE6D7A016AF8}.Debug|x86.Build.0 = Debug|Win32
		{C6D3514C-7929-4BB5-9D1A-BE6D7A016AF8}.Release|x64.ActiveCfg = Release|x64
		{C6D3514C-7929-4BB5-9D1A-BE6D7A016AF8}.Release|x64.Build.0 = Release|x64
		{C6D3514C-7929-4BB5-9D1A-BE6D7A016AF8}.Release|x86.ActiveCfg = Release|Win32
		{C6D3514C-7929-4BB5-9D1A-BE6D7A016AF8}.Release|x86.Build.0 = Release|Win32
		{BBE3BE4A-3BB4-48AA-B6F5-A28076E2AF24}.Debug|x64.ActiveCfg = Debug|x64
		{BBE3BE4A-3BB4-48AA-B6F5-A28076E2AF24}.Debug|x64.Build.0 = Debug|x64
		{BBE3BE4A-3BB4-48AA-B6F5-A28076E2AF24}.Debug|x86.ActiveCfg = Debug|Win32
		{BBE3BE4A-3BB4-48AA-B6F5-A28076E2AF24}.Debug|x86.Build.0 = Debug|Win32
		{BBE3BE4A-3BB4-48AA-B6F5-A28076E2AF24}.Release|x64.ActiveCfg = Release|x64
		{BBE3BE4A-3BB4-48AA-B6F5-A28076E2AF24}.Release|x64.Build.0 = Release|x64
		{BBE3BE4A-3BB4-48AA-B6F5-A28076E2AF24}.Release|x86.ActiveCfg = Release|Win32
		{BBE3BE4A-3BB4-48AA-B6F5-A28076E2AF24}.Release|x86.Build.0 = Release|Win32
		{965D1C24-6107-4F5C-B98D-4E86C80732A6}.Debug|x64.ActiveCfg = Debug|x64
		{965D1C24-6107-4F5C-B98D-4E86C80732A6}.Debug|x64.Build.0 = Debug|x64
		{965D1C24-6107-4F5C-B98D-4E86C80732A6}.Debug|x86.ActiveCfg = Debug|Win32
		{965D1C24-6107-4F5C-B98D-4E86C80732A6}.Debug|x86.Build.0 = Debug|Win32
		{965D1C24-6107-4F5C-B98D-4E86C80732A6}.Release|x64.ActiveCfg = Release|x64
		{965D1C24-6107-4F5C-B98D-4E86C80732A6}.Release|x64.Build.0 = Release|x64
		{965D1C24-6107-4F5C-B98D-4E86C80732A6}.Release|x86.ActiveCfg = Release|Win32
		{965D1C24-6107-4F5C-B98D-4E86C80732A6}.Release|x86.Build.0 = Release|Win32
		{9A82297E-FEEE-4B6E-A35F-86AF595D836E}.Debug|x64.ActiveCfg = Debug|x64
		{9A82297E-FEEE-4B6E-A35F-86AF595D836E}.Debug|x64.Build.0 = Debug|x64
		{9A82297E-FEEE-4B6E-A35F-86AF595D836E}.Debug|x86.ActiveCfg = Debug|Win32
		{9A82297E-FEEE-4B6E-A35F-86AF595D836E}.Debug|x86.Build.0 = Debug|Win32
		{9A82297E-FEEE-4B6E-A35F-86AF595D836E}.Release|x64.ActiveCfg = Release|x64
		{9A82297E-FEEE-4B6E-A35F-86AF595D836E}.Release|x64.Build.0 = Release|x64
		{9A82297E-FEEE-4B6E-A35F-86AF595D836E}.Release|x86.ActiveCfg = Release|Win32
		{9A82297E-FEEE-4B6E-A35F-86AF595D836E}.Release|x86.Build.0 = Release|Win32
		{F332A348-4A69-4557-966A-49F572EA2B59}.Debug|x64.ActiveCfg = Debug|x64
		{F332A348-4A69-4557-966A-49F572EA2B59}.Debug|x64.Build.0 = Debug|x64
		{F332A348-4A69-4557-966A-49F572EA2B59}.Debug|x86.ActiveCfg = Debug|Win32
		{F332A348-4A69-4557-966A-49F572EA2B59}.Debug|x86.Build.0 = Debug|Win32
		{F332A348-4A69-4557-966A-49F572EA2B59}.Release|x64.ActiveCfg = Release|x64
		{F332A348-4A69-4557-966A-49F572EA2B59}.Release|x64.Build.0 = Release|x64
		{F332A348-4A69-4557-966A-49F572EA2B59}.Release|x86.ActiveCfg = Release|Win32
		{F332A348-4A69-4557-966A-49F572EA2B59}.Release|x86.Build.0 = Release|Win32
	EndGlobalSection
	GlobalSection(SolutionProperties) = preSolution
		HideSolutionNode = FALSE
	EndGlobalSection
	GlobalSection(ExtensibilityGlobals) = postSolution
		SolutionGuid = {775260B6-4167-413C-9E00-55811908E28C}
	EndGlobalSection
EndGlobal
