<?xml version="1.0" encoding="utf-8"?>
<Project ToolsVersion="4.0" xmlns="http://schemas.microsoft.com/developer/msbuild/2003">
  <ItemGroup>
    <ClInclude Include="ntoskrnl_provider.h">
      <Filter>provider\ntoskrnl</Filter>
    </ClInclude>
    <ClInclude Include="nt_define.h">
      <Filter>definitions</Filter>
    </ClInclude>
    <ClInclude Include="provider.h">
      <Filter>provider</Filter>
    </ClInclude>
    <ClInclude Include="ntoskrnl_struct.h">
      <Filter>provider\ntoskrnl</Filter>
    </ClInclude>
    <ClInclude Include="static_export_provider.h">
      <Filter>provider\ntoskrnl</Filter>
    </ClInclude>
    <ClInclude Include="emulation.h">
      <Filter>emulation</Filter>
    </ClInclude>
    <ClInclude Include="config.h">
      <Filter>settings</Filter>
    </ClInclude>
    <ClInclude Include="paging_emulation.h">
      <Filter>emulation\paging_emulation</Filter>
    </ClInclude>
    <ClInclude Include="environment.h">
      <Filter>environment</Filter>
    </ClInclude>
    <ClInclude Include="utils.h">
      <Filter>utils</Filter>
    </ClInclude>
  </ItemGroup>
  <ItemGroup>
    <ClCompile Include="kace.cpp" />
    <ClCompile Include="ntoskrnl_provider.cpp">
      <Filter>provider\ntoskrnl</Filter>
    </ClCompile>
    <ClCompile Include="provider.cpp">
      <Filter>provider</Filter>
    </ClCompile>
    <ClCompile Include="static_export_provider.cpp">
      <Filter>provider\ntoskrnl</Filter>
    </ClCompile>
    <ClCompile Include="emulation.cpp">
      <Filter>emulation</Filter>
    </ClCompile>
    <ClCompile Include="paging_emulation.cpp">
      <Filter>emulation\paging_emulation</Filter>
    </ClCompile>
    <ClCompile Include="handle_manager.cpp">
      <Filter>handle_manager</Filter>
    </ClCompile>
    <ClCompile Include="handle_manager.h">
      <Filter>handle_manager</Filter>
    </ClCompile>
    <ClCompile Include="environment.cpp">
      <Filter>environment</Filter>
    </ClCompile>
  </ItemGroup>
  <ItemGroup>
    <Filter Include="definitions">
      <UniqueIdentifier>{c53be779-1cb9-4510-a953-229a70cb3088}</UniqueIdentifier>
    </Filter>
    <Filter Include="provider">
      <UniqueIdentifier>{94c7dbe9-4cfe-4aa7-ba40-ca0876a8abaa}</UniqueIdentifier>
    </Filter>
    <Filter Include="provider\ntoskrnl">
      <UniqueIdentifier>{d43dd6dd-6dfd-4856-a924-a669e914842b}</UniqueIdentifier>
    </Filter>
    <Filter Include="settings">
      <UniqueIdentifier>{fa6231e6-11b7-4eb4-bfbe-1ec536d1aedf}</UniqueIdentifier>
    </Filter>
    <Filter Include="emulation">
      <UniqueIdentifier>{4457064e-bd34-49c0-b693-3c8fcd4b47dd}</UniqueIdentifier>
    </Filter>
    <Filter Include="emulation\paging_emulation">
      <UniqueIdentifier>{a325def5-8325-49c8-a821-408336a2abdb}</UniqueIdentifier>
    </Filter>
    <Filter Include="handle_manager">
      <UniqueIdentifier>{24871176-dd9a-4949-9fb8-0d14caf7a0c4}</UniqueIdentifier>
    </Filter>
    <Filter Include="asm">
      <UniqueIdentifier>{786673d7-1b3f-4e72-973c-9b24fa67777a}</UniqueIdentifier>
    </Filter>
    <Filter Include="environment">
      <UniqueIdentifier>{2c1eb824-b5e9-413d-aa0f-2c7647958b24}</UniqueIdentifier>
    </Filter>
    <Filter Include="utils">
      <UniqueIdentifier>{72a2dbcd-0902-48c5-8c09-d701b991a4a9}</UniqueIdentifier>
    </Filter>
  </ItemGroup>
  <ItemGroup>
    <MASM Include="inline_assembly.asm">
      <Filter>asm</Filter>
    </MASM>
  </ItemGroup>
</Project>